// !$*UTF8*$!
{
	archiveVersion = 1;
	classes = {
	};
	objectVersion = 48;
	objects = {

/* Begin PBXBuildFile section */
		86B21B6A1FF35DC600EB8772 /* AppDelegate.swift in Sources */ = {isa = PBXBuildFile; fileRef = 86B21B691FF35DC600EB8772 /* AppDelegate.swift */; };
		86B21B6C1FF35DC600EB8772 /* ViewController.swift in Sources */ = {isa = PBXBuildFile; fileRef = 86B21B6B1FF35DC600EB8772 /* ViewController.swift */; };
		86B21B6F1FF35DC600EB8772 /* Main.storyboard in Resources */ = {isa = PBXBuildFile; fileRef = 86B21B6D1FF35DC600EB8772 /* Main.storyboard */; };
		86B21B711FF35DC600EB8772 /* Assets.xcassets in Resources */ = {isa = PBXBuildFile; fileRef = 86B21B701FF35DC600EB8772 /* Assets.xcassets */; };
		86B21B741FF35DC600EB8772 /* LaunchScreen.storyboard in Resources */ = {isa = PBXBuildFile; fileRef = 86B21B721FF35DC600EB8772 /* LaunchScreen.storyboard */; };
		86B21B7F1FF35DC700EB8772 /* CodeCalcTests.swift in Sources */ = {isa = PBXBuildFile; fileRef = 86B21B7E1FF35DC700EB8772 /* CodeCalcTests.swift */; };
		86B21B8A1FF35DC700EB8772 /* CodeCalcUITests.swift in Sources */ = {isa = PBXBuildFile; fileRef = 86B21B891FF35DC700EB8772 /* CodeCalcUITests.swift */; };
/* End PBXBuildFile section */

/* Begin PBXContainerItemProxy section */
		86B21B7B1FF35DC700EB8772 /* PBXContainerItemProxy */ = {
			isa = PBXContainerItemProxy;
			containerPortal = 86B21B5E1FF35DC600EB8772 /* Project object */;
			proxyType = 1;
			remoteGlobalIDString = 86B21B651FF35DC600EB8772;
			remoteInfo = CodeCalc;
		};
		86B21B861FF35DC700EB8772 /* PBXContainerItemProxy */ = {
			isa = PBXContainerItemProxy;
			containerPortal = 86B21B5E1FF35DC600EB8772 /* Project object */;
			proxyType = 1;
			remoteGlobalIDString = 86B21B651FF35DC600EB8772;
			remoteInfo = CodeCalc;
		};
/* End PBXContainerItemProxy section */

/* Begin PBXFileReference section */
		86B21B661FF35DC600EB8772 /* CodeCalc.app */ = {isa = PBXFileReference; explicitFileType = wrapper.application; includeInIndex = 0; path = CodeCalc.app; sourceTree = BUILT_PRODUCTS_DIR; };
		86B21B691FF35DC600EB8772 /* AppDelegate.swift */ = {isa = PBXFileReference; lastKnownFileType = sourcecode.swift; path = AppDelegate.swift; sourceTree = "<group>"; };
		86B21B6B1FF35DC600EB8772 /* ViewController.swift */ = {isa = PBXFileReference; lastKnownFileType = sourcecode.swift; path = ViewController.swift; sourceTree = "<group>"; };
		86B21B6E1FF35DC600EB8772 /* Base */ = {isa = PBXFileReference; lastKnownFileType = file.storyboard; name = Base; path = Base.lproj/Main.storyboard; sourceTree = "<group>"; };
		86B21B701FF35DC600EB8772 /* Assets.xcassets */ = {isa = PBXFileReference; lastKnownFileType = folder.assetcatalog; path = Assets.xcassets; sourceTree = "<group>"; };
		86B21B731FF35DC600EB8772 /* Base */ = {isa = PBXFileReference; lastKnownFileType = file.storyboard; name = Base; path = Base.lproj/LaunchScreen.storyboard; sourceTree = "<group>"; };
		86B21B751FF35DC600EB8772 /* Info.plist */ = {isa = PBXFileReference; lastKnownFileType = text.plist.xml; path = Info.plist; sourceTree = "<group>"; };
		86B21B7A1FF35DC700EB8772 /* CodeCalcTests.xctest */ = {isa = PBXFileReference; explicitFileType = wrapper.cfbundle; includeInIndex = 0; path = CodeCalcTests.xctest; sourceTree = BUILT_PRODUCTS_DIR; };
		86B21B7E1FF35DC700EB8772 /* CodeCalcTests.swift */ = {isa = PBXFileReference; lastKnownFileType = sourcecode.swift; path = CodeCalcTests.swift; sourceTree = "<group>"; };
		86B21B801FF35DC700EB8772 /* Info.plist */ = {isa = PBXFileReference; lastKnownFileType = text.plist.xml; path = Info.plist; sourceTree = "<group>"; };
		86B21B851FF35DC700EB8772 /* CodeCalcUITests.xctest */ = {isa = PBXFileReference; explicitFileType = wrapper.cfbundle; includeInIndex = 0; path = CodeCalcUITests.xctest; sourceTree = BUILT_PRODUCTS_DIR; };
		86B21B891FF35DC700EB8772 /* CodeCalcUITests.swift */ = {isa = PBXFileReference; lastKnownFileType = sourcecode.swift; path = CodeCalcUITests.swift; sourceTree = "<group>"; };
		86B21B8B1FF35DC700EB8772 /* Info.plist */ = {isa = PBXFileReference; lastKnownFileType = text.plist.xml; path = Info.plist; sourceTree = "<group>"; };
/* End PBXFileReference section */

/* Begin PBXFrameworksBuildPhase section */
		86B21B631FF35DC600EB8772 /* Frameworks */ = {
			isa = PBXFrameworksBuildPhase;
			buildActionMask = 2147483647;
			files = (
			);
			runOnlyForDeploymentPostprocessing = 0;
		};
		86B21B771FF35DC700EB8772 /* Frameworks */ = {
			isa = PBXFrameworksBuildPhase;
			buildActionMask = 2147483647;
			files = (
			);
			runOnlyForDeploymentPostprocessing = 0;
		};
		86B21B821FF35DC700EB8772 /* Frameworks */ = {
			isa = PBXFrameworksBuildPhase;
			buildActionMask = 2147483647;
			files = (
			);
			runOnlyForDeploymentPostprocessing = 0;
		};
/* End PBXFrameworksBuildPhase section */

/* Begin PBXGroup section */
		86B21B5D1FF35DC600EB8772 = {
			isa = PBXGroup;
			children = (
				86B21B681FF35DC600EB8772 /* CodeCalc */,
				86B21B7D1FF35DC700EB8772 /* CodeCalcTests */,
				86B21B881FF35DC700EB8772 /* CodeCalcUITests */,
				86B21B671FF35DC600EB8772 /* Products */,
			);
			sourceTree = "<group>";
		};
		86B21B671FF35DC600EB8772 /* Products */ = {
			isa = PBXGroup;
			children = (
				86B21B661FF35DC600EB8772 /* CodeCalc.app */,
				86B21B7A1FF35DC700EB8772 /* CodeCalcTests.xctest */,
				86B21B851FF35DC700EB8772 /* CodeCalcUITests.xctest */,
			);
			name = Products;
			sourceTree = "<group>";
		};
		86B21B681FF35DC600EB8772 /* CodeCalc */ = {
			isa = PBXGroup;
			children = (
				86B21B691FF35DC600EB8772 /* AppDelegate.swift */,
				86B21B6B1FF35DC600EB8772 /* ViewController.swift */,
				86B21B6D1FF35DC600EB8772 /* Main.storyboard */,
				86B21B701FF35DC600EB8772 /* Assets.xcassets */,
				86B21B721FF35DC600EB8772 /* LaunchScreen.storyboard */,
				86B21B751FF35DC600EB8772 /* Info.plist */,
			);
			path = CodeCalc;
			sourceTree = "<group>";
		};
		86B21B7D1FF35DC700EB8772 /* CodeCalcTests */ = {
			isa = PBXGroup;
			children = (
				86B21B7E1FF35DC700EB8772 /* CodeCalcTests.swift */,
				86B21B801FF35DC700EB8772 /* Info.plist */,
			);
			path = CodeCalcTests;
			sourceTree = "<group>";
		};
		86B21B881FF35DC700EB8772 /* CodeCalcUITests */ = {
			isa = PBXGroup;
			children = (
				86B21B891FF35DC700EB8772 /* CodeCalcUITests.swift */,
				86B21B8B1FF35DC700EB8772 /* Info.plist */,
			);
			path = CodeCalcUITests;
			sourceTree = "<group>";
		};
/* End PBXGroup section */

/* Begin PBXNativeTarget section */
		86B21B651FF35DC600EB8772 /* CodeCalc */ = {
			isa = PBXNativeTarget;
			buildConfigurationList = 86B21B8E1FF35DC700EB8772 /* Build configuration list for PBXNativeTarget "CodeCalc" */;
			buildPhases = (
				86B21B621FF35DC600EB8772 /* Sources */,
				86B21B631FF35DC600EB8772 /* Frameworks */,
				86B21B641FF35DC600EB8772 /* Resources */,
			);
			buildRules = (
			);
			dependencies = (
			);
			name = CodeCalc;
			productName = CodeCalc;
			productReference = 86B21B661FF35DC600EB8772 /* CodeCalc.app */;
			productType = "com.apple.product-type.application";
		};
		86B21B791FF35DC700EB8772 /* CodeCalcTests */ = {
			isa = PBXNativeTarget;
			buildConfigurationList = 86B21B911FF35DC700EB8772 /* Build configuration list for PBXNativeTarget "CodeCalcTests" */;
			buildPhases = (
				86B21B761FF35DC700EB8772 /* Sources */,
				86B21B771FF35DC700EB8772 /* Frameworks */,
				86B21B781FF35DC700EB8772 /* Resources */,
			);
			buildRules = (
			);
			dependencies = (
				86B21B7C1FF35DC700EB8772 /* PBXTargetDependency */,
			);
			name = CodeCalcTests;
			productName = CodeCalcTests;
			productReference = 86B21B7A1FF35DC700EB8772 /* CodeCalcTests.xctest */;
			productType = "com.apple.product-type.bundle.unit-test";
		};
		86B21B841FF35DC700EB8772 /* CodeCalcUITests */ = {
			isa = PBXNativeTarget;
			buildConfigurationList = 86B21B941FF35DC700EB8772 /* Build configuration list for PBXNativeTarget "CodeCalcUITests" */;
			buildPhases = (
				86B21B811FF35DC700EB8772 /* Sources */,
				86B21B821FF35DC700EB8772 /* Frameworks */,
				86B21B831FF35DC700EB8772 /* Resources */,
			);
			buildRules = (
			);
			dependencies = (
				86B21B871FF35DC700EB8772 /* PBXTargetDependency */,
			);
			name = CodeCalcUITests;
			productName = CodeCalcUITests;
			productReference = 86B21B851FF35DC700EB8772 /* CodeCalcUITests.xctest */;
			productType = "com.apple.product-type.bundle.ui-testing";
		};
/* End PBXNativeTarget section */

/* Begin PBXProject section */
		86B21B5E1FF35DC600EB8772 /* Project object */ = {
			isa = PBXProject;
			attributes = {
				LastSwiftUpdateCheck = 0920;
				LastUpgradeCheck = 0920;
				ORGANIZATIONNAME = ArjayCodes;
				TargetAttributes = {
					86B21B651FF35DC600EB8772 = {
						CreatedOnToolsVersion = 9.2;
						ProvisioningStyle = Automatic;
					};
					86B21B791FF35DC700EB8772 = {
						CreatedOnToolsVersion = 9.2;
						ProvisioningStyle = Automatic;
						TestTargetID = 86B21B651FF35DC600EB8772;
					};
					86B21B841FF35DC700EB8772 = {
						CreatedOnToolsVersion = 9.2;
						ProvisioningStyle = Automatic;
						TestTargetID = 86B21B651FF35DC600EB8772;
					};
				};
			};
			buildConfigurationList = 86B21B611FF35DC600EB8772 /* Build configuration list for PBXProject "CodeCalc" */;
			compatibilityVersion = "Xcode 8.0";
			developmentRegion = en;
			hasScannedForEncodings = 0;
			knownRegions = (
				en,
				Base,
			);
			mainGroup = 86B21B5D1FF35DC600EB8772;
			productRefGroup = 86B21B671FF35DC600EB8772 /* Products */;
			projectDirPath = "";
			projectRoot = "";
			targets = (
				86B21B651FF35DC600EB8772 /* CodeCalc */,
				86B21B791FF35DC700EB8772 /* CodeCalcTests */,
				86B21B841FF35DC700EB8772 /* CodeCalcUITests */,
			);
		};
/* End PBXProject section */

/* Begin PBXResourcesBuildPhase section */
		86B21B641FF35DC600EB8772 /* Resources */ = {
			isa = PBXResourcesBuildPhase;
			buildActionMask = 2147483647;
			files = (
				86B21B741FF35DC600EB8772 /* LaunchScreen.storyboard in Resources */,
				86B21B711FF35DC600EB8772 /* Assets.xcassets in Resources */,
				86B21B6F1FF35DC600EB8772 /* Main.storyboard in Resources */,
			);
			runOnlyForDeploymentPostprocessing = 0;
		};
		86B21B781FF35DC700EB8772 /* Resources */ = {
			isa = PBXResourcesBuildPhase;
			buildActionMask = 2147483647;
			files = (
			);
			runOnlyForDeploymentPostprocessing = 0;
		};
		86B21B831FF35DC700EB8772 /* Resources */ = {
			isa = PBXResourcesBuildPhase;
			buildActionMask = 2147483647;
			files = (
			);
			runOnlyForDeploymentPostprocessing = 0;
		};
/* End PBXResourcesBuildPhase section */

/* Begin PBXSourcesBuildPhase section */
		86B21B621FF35DC600EB8772 /* Sources */ = {
			isa = PBXSourcesBuildPhase;
			buildActionMask = 2147483647;
			files = (
				86B21B6C1FF35DC600EB8772 /* ViewController.swift in Sources */,
				86B21B6A1FF35DC600EB8772 /* AppDelegate.swift in Sources */,
			);
			runOnlyForDeploymentPostprocessing = 0;
		};
		86B21B761FF35DC700EB8772 /* Sources */ = {
			isa = PBXSourcesBuildPhase;
			buildActionMask = 2147483647;
			files = (
				86B21B7F1FF35DC700EB8772 /* CodeCalcTests.swift in Sources */,
			);
			runOnlyForDeploymentPostprocessing = 0;
		};
		86B21B811FF35DC700EB8772 /* Sources */ = {
			isa = PBXSourcesBuildPhase;
			buildActionMask = 2147483647;
			files = (
				86B21B8A1FF35DC700EB8772 /* CodeCalcUITests.swift in Sources */,
			);
			runOnlyForDeploymentPostprocessing = 0;
		};
/* End PBXSourcesBuildPhase section */

/* Begin PBXTargetDependency section */
		86B21B7C1FF35DC700EB8772 /* PBXTargetDependency */ = {
			isa = PBXTargetDependency;
			target = 86B21B651FF35DC600EB8772 /* CodeCalc */;
			targetProxy = 86B21B7B1FF35DC700EB8772 /* PBXContainerItemProxy */;
		};
		86B21B871FF35DC700EB8772 /* PBXTargetDependency */ = {
			isa = PBXTargetDependency;
			target = 86B21B651FF35DC600EB8772 /* CodeCalc */;
			targetProxy = 86B21B861FF35DC700EB8772 /* PBXContainerItemProxy */;
		};
/* End PBXTargetDependency section */

/* Begin PBXVariantGroup section */
		86B21B6D1FF35DC600EB8772 /* Main.storyboard */ = {
			isa = PBXVariantGroup;
			children = (
				86B21B6E1FF35DC600EB8772 /* Base */,
			);
			name = Main.storyboard;
			sourceTree = "<group>";
		};
		86B21B721FF35DC600EB8772 /* LaunchScreen.storyboard */ = {
			isa = PBXVariantGroup;
			children = (
				86B21B731FF35DC600EB8772 /* Base */,
			);
			name = LaunchScreen.storyboard;
			sourceTree = "<group>";
		};
/* End PBXVariantGroup section */

/* Begin XCBuildConfiguration section */
		86B21B8C1FF35DC700EB8772 /* Debug */ = {
			isa = XCBuildConfiguration;
			buildSettings = {
				ALWAYS_SEARCH_USER_PATHS = NO;
				CLANG_ANALYZER_NONNULL = YES;
				CLANG_ANALYZER_NUMBER_OBJECT_CONVERSION = YES_AGGRESSIVE;
				CLANG_CXX_LANGUAGE_STANDARD = "gnu++14";
				CLANG_CXX_LIBRARY = "libc++";
				CLANG_ENABLE_MODULES = YES;
				CLANG_ENABLE_OBJC_ARC = YES;
				CLANG_WARN_BLOCK_CAPTURE_AUTORELEASING = YES;
				CLANG_WARN_BOOL_CONVERSION = YES;
				CLANG_WARN_COMMA = YES;
				CLANG_WARN_CONSTANT_CONVERSION = YES;
				CLANG_WARN_DIRECT_OBJC_ISA_USAGE = YES_ERROR;
				CLANG_WARN_DOCUMENTATION_COMMENTS = YES;
				CLANG_WARN_EMPTY_BODY = YES;
				CLANG_WARN_ENUM_CONVERSION = YES;
				CLANG_WARN_INFINITE_RECURSION = YES;
				CLANG_WARN_INT_CONVERSION = YES;
				CLANG_WARN_NON_LITERAL_NULL_CONVERSION = YES;
				CLANG_WARN_OBJC_LITERAL_CONVERSION = YES;
				CLANG_WARN_OBJC_ROOT_CLASS = YES_ERROR;
				CLANG_WARN_RANGE_LOOP_ANALYSIS = YES;
				CLANG_WARN_STRICT_PROTOTYPES = YES;
				CLANG_WARN_SUSPICIOUS_MOVE = YES;
				CLANG_WARN_UNGUARDED_AVAILABILITY = YES_AGGRESSIVE;
				CLANG_WARN_UNREACHABLE_CODE = YES;
				CLANG_WARN__DUPLICATE_METHOD_MATCH = YES;
				CODE_SIGN_IDENTITY = "iPhone Developer";
				COPY_PHASE_STRIP = NO;
				DEBUG_INFORMATION_FORMAT = dwarf;
				ENABLE_STRICT_OBJC_MSGSEND = YES;
				ENABLE_TESTABILITY = YES;
				GCC_C_LANGUAGE_STANDARD = gnu11;
				GCC_DYNAMIC_NO_PIC = NO;
				GCC_NO_COMMON_BLOCKS = YES;
				GCC_OPTIMIZATION_LEVEL = 0;
				GCC_PREPROCESSOR_DEFINITIONS = (
					"DEBUG=1",
					"$(inherited)",
				);
				GCC_WARN_64_TO_32_BIT_CONVERSION = YES;
				GCC_WARN_ABOUT_RETURN_TYPE = YES_ERROR;
				GCC_WARN_UNDECLARED_SELECTOR = YES;
				GCC_WARN_UNINITIALIZED_AUTOS = YES_AGGRESSIVE;
				GCC_WARN_UNUSED_FUNCTION = YES;
				GCC_WARN_UNUSED_VARIABLE = YES;
				IPHONEOS_DEPLOYMENT_TARGET = 11.2;
				MTL_ENABLE_DEBUG_INFO = YES;
				ONLY_ACTIVE_ARCH = YES;
				SDKROOT = iphoneos;
				SWIFT_ACTIVE_COMPILATION_CONDITIONS = DEBUG;
				SWIFT_OPTIMIZATION_LEVEL = "-Onone";
			};
			name = Debug;
		};
		86B21B8D1FF35DC700EB8772 /* Release */ = {
			isa = XCBuildConfiguration;
			buildSettings = {
				ALWAYS_SEARCH_USER_PATHS = NO;
				CLANG_ANALYZER_NONNULL = YES;
				CLANG_ANALYZER_NUMBER_OBJECT_CONVERSION = YES_AGGRESSIVE;
				CLANG_CXX_LANGUAGE_STANDARD = "gnu++14";
				CLANG_CXX_LIBRARY = "libc++";
				CLANG_ENABLE_MODULES = YES;
				CLANG_ENABLE_OBJC_ARC = YES;
				CLANG_WARN_BLOCK_CAPTURE_AUTORELEASING = YES;
				CLANG_WARN_BOOL_CONVERSION = YES;
				CLANG_WARN_COMMA = YES;
				CLANG_WARN_CONSTANT_CONVERSION = YES;
				CLANG_WARN_DIRECT_OBJC_ISA_USAGE = YES_ERROR;
				CLANG_WARN_DOCUMENTATION_COMMENTS = YES;
				CLANG_WARN_EMPTY_BODY = YES;
				CLANG_WARN_ENUM_CONVERSION = YES;
				CLANG_WARN_INFINITE_RECURSION = YES;
				CLANG_WARN_INT_CONVERSION = YES;
				CLANG_WARN_NON_LITERAL_NULL_CONVERSION = YES;
				CLANG_WARN_OBJC_LITERAL_CONVERSION = YES;
				CLANG_WARN_OBJC_ROOT_CLASS = YES_ERROR;
				CLANG_WARN_RANGE_LOOP_ANALYSIS = YES;
				CLANG_WARN_STRICT_PROTOTYPES = YES;
				CLANG_WARN_SUSPICIOUS_MOVE = YES;
				CLANG_WARN_UNGUARDED_AVAILABILITY = YES_AGGRESSIVE;
				CLANG_WARN_UNREACHABLE_CODE = YES;
				CLANG_WARN__DUPLICATE_METHOD_MATCH = YES;
				CODE_SIGN_IDENTITY = "iPhone Developer";
				COPY_PHASE_STRIP = NO;
				DEBUG_INFORMATION_FORMAT = "dwarf-with-dsym";
				ENABLE_NS_ASSERTIONS = NO;
				ENABLE_STRICT_OBJC_MSGSEND = YES;
				GCC_C_LANGUAGE_STANDARD = gnu11;
				GCC_NO_COMMON_BLOCKS = YES;
				GCC_WARN_64_TO_32_BIT_CONVERSION = YES;
				GCC_WARN_ABOUT_RETURN_TYPE = YES_ERROR;
				GCC_WARN_UNDECLARED_SELECTOR = YES;
				GCC_WARN_UNINITIALIZED_AUTOS = YES_AGGRESSIVE;
				GCC_WARN_UNUSED_FUNCTION = YES;
				GCC_WARN_UNUSED_VARIABLE = YES;
				IPHONEOS_DEPLOYMENT_TARGET = 11.2;
				MTL_ENABLE_DEBUG_INFO = NO;
				SDKROOT = iphoneos;
				SWIFT_OPTIMIZATION_LEVEL = "-Owholemodule";
				VALIDATE_PRODUCT = YES;
			};
			name = Release;
		};
		86B21B8F1FF35DC700EB8772 /* Debug */ = {
			isa = XCBuildConfiguration;
			buildSettings = {
				ASSETCATALOG_COMPILER_APPICON_NAME = AppIcon;
				CODE_SIGN_STYLE = Automatic;
				DEVELOPMENT_TEAM = X4CZ4KA376;
				INFOPLIST_FILE = CodeCalc/Info.plist;
				LD_RUNPATH_SEARCH_PATHS = "$(inherited) @executable_path/Frameworks";
				PRODUCT_BUNDLE_IDENTIFIER = rjc.CodeCalc;
				PRODUCT_NAME = "$(TARGET_NAME)";
				SWIFT_VERSION = 4.0;
				TARGETED_DEVICE_FAMILY = "1,2";
			};
			name = Debug;
		};
		86B21B901FF35DC700EB8772 /* Release */ = {
			isa = XCBuildConfiguration;
			buildSettings = {
				ASSETCATALOG_COMPILER_APPICON_NAME = AppIcon;
				CODE_SIGN_STYLE = Automatic;
				DEVELOPMENT_TEAM = X4CZ4KA376;
				INFOPLIST_FILE = CodeCalc/Info.plist;
				LD_RUNPATH_SEARCH_PATHS = "$(inherited) @executable_path/Frameworks";
				PRODUCT_BUNDLE_IDENTIFIER = rjc.CodeCalc;
				PRODUCT_NAME = "$(TARGET_NAME)";
				SWIFT_VERSION = 4.0;
				TARGETED_DEVICE_FAMILY = "1,2";
			};
			name = Release;
		};
		86B21B921FF35DC700EB8772 /* Debug */ = {
			isa = XCBuildConfiguration;
			buildSettings = {
				ALWAYS_EMBED_SWIFT_STANDARD_LIBRARIES = YES;
				BUNDLE_LOADER = "$(TEST_HOST)";
				CODE_SIGN_STYLE = Automatic;
				DEVELOPMENT_TEAM = X4CZ4KA376;
				INFOPLIST_FILE = CodeCalcTests/Info.plist;
				LD_RUNPATH_SEARCH_PATHS = "$(inherited) @executable_path/Frameworks @loader_path/Frameworks";
				PRODUCT_BUNDLE_IDENTIFIER = rjc.CodeCalcTests;
				PRODUCT_NAME = "$(TARGET_NAME)";
				SWIFT_VERSION = 4.0;
				TARGETED_DEVICE_FAMILY = "1,2";
				TEST_HOST = "$(BUILT_PRODUCTS_DIR)/CodeCalc.app/CodeCalc";
			};
			name = Debug;
		};
		86B21B931FF35DC700EB8772 /* Release */ = {
			isa = XCBuildConfiguration;
			buildSettings = {
				ALWAYS_EMBED_SWIFT_STANDARD_LIBRARIES = YES;
				BUNDLE_LOADER = "$(TEST_HOST)";
				CODE_SIGN_STYLE = Automatic;
				DEVELOPMENT_TEAM = X4CZ4KA376;
				INFOPLIST_FILE = CodeCalcTests/Info.plist;
				LD_RUNPATH_SEARCH_PATHS = "$(inherited) @executable_path/Frameworks @loader_path/Frameworks";
				PRODUCT_BUNDLE_IDENTIFIER = rjc.CodeCalcTests;
				PRODUCT_NAME = "$(TARGET_NAME)";
				SWIFT_VERSION = 4.0;
				TARGETED_DEVICE_FAMILY = "1,2";
				TEST_HOST = "$(BUILT_PRODUCTS_DIR)/CodeCalc.app/CodeCalc";
			};
			name = Release;
		};
		86B21B951FF35DC700EB8772 /* Debug */ = {
			isa = XCBuildConfiguration;
			buildSettings = {
				ALWAYS_EMBED_SWIFT_STANDARD_LIBRARIES = YES;
				CODE_SIGN_STYLE = Automatic;
				DEVELOPMENT_TEAM = X4CZ4KA376;
				INFOPLIST_FILE = CodeCalcUITests/Info.plist;
				LD_RUNPATH_SEARCH_PATHS = "$(inherited) @executable_path/Frameworks @loader_path/Frameworks";
				PRODUCT_BUNDLE_IDENTIFIER = rjc.CodeCalcUITests;
				PRODUCT_NAME = "$(TARGET_NAME)";
				SWIFT_VERSION = 4.0;
				TARGETED_DEVICE_FAMILY = "1,2";
				TEST_TARGET_NAME = CodeCalc;
			};
			name = Debug;
		};
		86B21B961FF35DC700EB8772 /* Release */ = {
			isa = XCBuildConfiguration;
			buildSettings = {
				ALWAYS_EMBED_SWIFT_STANDARD_LIBRARIES = YES;
				CODE_SIGN_STYLE = Automatic;
				DEVELOPMENT_TEAM = X4CZ4KA376;
				INFOPLIST_FILE = CodeCalcUITests/Info.plist;
				LD_RUNPATH_SEARCH_PATHS = "$(inherited) @executable_path/Frameworks @loader_path/Frameworks";
				PRODUCT_BUNDLE_IDENTIFIER = rjc.CodeCalcUITests;
				PRODUCT_NAME = "$(TARGET_NAME)";
				SWIFT_VERSION = 4.0;
				TARGETED_DEVICE_FAMILY = "1,2";
				TEST_TARGET_NAME = CodeCalc;
			};
			name = Release;
		};
/* End XCBuildConfiguration section */

/* Begin XCConfigurationList section */
		86B21B611FF35DC600EB8772 /* Build configuration list for PBXProject "CodeCalc" */ = {
			isa = XCConfigurationList;
			buildConfigurations = (
				86B21B8C1FF35DC700EB8772 /* Debug */,
				86B21B8D1FF35DC700EB8772 /* Release */,
			);
			defaultConfigurationIsVisible = 0;
			defaultConfigurationName = Release;
		};
		86B21B8E1FF35DC700EB8772 /* Build configuration list for PBXNativeTarget "CodeCalc" */ = {
			isa = XCConfigurationList;
			buildConfigurations = (
				86B21B8F1FF35DC700EB8772 /* Debug */,
				86B21B901FF35DC700EB8772 /* Release */,
			);
			defaultConfigurationIsVisible = 0;
			defaultConfigurationName = Release;
		};
		86B21B911FF35DC700EB8772 /* Build configuration list for PBXNativeTarget "CodeCalcTests" */ = {
			isa = XCConfigurationList;
			buildConfigurations = (
				86B21B921FF35DC700EB8772 /* Debug */,
				86B21B931FF35DC700EB8772 /* Release */,
			);
			defaultConfigurationIsVisible = 0;
			defaultConfigurationName = Release;
		};
		86B21B941FF35DC700EB8772 /* Build configuration list for PBXNativeTarget "CodeCalcUITests" */ = {
			isa = XCConfigurationList;
			buildConfigurations = (
				86B21B951FF35DC700EB8772 /* Debug */,
				86B21B961FF35DC700EB8772 /* Release */,
			);
			defaultConfigurationIsVisible = 0;
			defaultConfigurationName = Release;
		};
/* End XCConfigurationList section */
	};
	rootObject = 86B21B5E1FF35DC600EB8772 /* Project object */;
}
